// !$*UTF8*$!
{
	archiveVersion = 1;
	classes = {
	};
	objectVersion = 56;
	objects = {

/* Begin PBXBuildFile section */
		0DA9440A2F7D0A8700697F6D /* code_buddyApp.swift in Sources */ = {isa = PBXBuildFile; fileRef = 0DA944092F7D0A8700697F6D /* code_buddyApp.swift */; };
		0DA9440C2F7D0A8700697F6D /* ContentView.swift in Sources */ = {isa = PBXBuildFile; fileRef = 0DA9440B2F7D0A8700697F6D /* ContentView.swift */; };
		0DA9440E2F7D0A8B00697F6D /* Assets.xcassets in Resources */ = {isa = PBXBuildFile; fileRef = 0DA9440D2F7D0A8B00697F6D /* Assets.xcassets */; };
		0DA944112F7D0A8B00697F6D /* Preview Assets.xcassets in Resources */ = {isa = PBXBuildFile; fileRef = 0DA944102F7D0A8B00697F6D /* Preview Assets.xcassets */; };
		CB000001000000000000001 /* Theme.swift in Sources */ = {isa = PBXBuildFile; fileRef = CB000001000000000000000 /* Theme.swift */; };
		CB000002000000000000001 /* LocalModel.swift in Sources */ = {isa = PBXBuildFile; fileRef = CB000002000000000000000 /* LocalModel.swift */; };
		CB000003000000000000001 /* ChatMessage.swift in Sources */ = {isa = PBXBuildFile; fileRef = CB000003000000000000000 /* ChatMessage.swift */; };
		CB000004000000000000001 /* SidebarView.swift in Sources */ = {isa = PBXBuildFile; fileRef = CB000004000000000000000 /* SidebarView.swift */; };
		CB000005000000000000001 /* SetupView.swift in Sources */ = {isa = PBXBuildFile; fileRef = CB000005000000000000000 /* SetupView.swift */; };
		CB000006000000000000001 /* ModelsView.swift in Sources */ = {isa = PBXBuildFile; fileRef = CB000006000000000000000 /* ModelsView.swift */; };
		CB000007000000000000001 /* SettingsView.swift in Sources */ = {isa = PBXBuildFile; fileRef = CB000007000000000000000 /* SettingsView.swift */; };
		CB000008000000000000001 /* ChatBubble.swift in Sources */ = {isa = PBXBuildFile; fileRef = CB000008000000000000000 /* ChatBubble.swift */; };
		CB000009000000000000001 /* ChatInputBar.swift in Sources */ = {isa = PBXBuildFile; fileRef = CB000009000000000000000 /* ChatInputBar.swift */; };
		CB000010000000000000001 /* FolderPickerBar.swift in Sources */ = {isa = PBXBuildFile; fileRef = CB000010000000000000000 /* FolderPickerBar.swift */; };
		CB000011000000000000001 /* ActiveModelCard.swift in Sources */ = {isa = PBXBuildFile; fileRef = CB000011000000000000000 /* ActiveModelCard.swift */; };
		CB000012000000000000001 /* ServiceStatusPanel.swift in Sources */ = {isa = PBXBuildFile; fileRef = CB000012000000000000000 /* ServiceStatusPanel.swift */; };
		CB000013000000000000001 /* ModelRow.swift in Sources */ = {isa = PBXBuildFile; fileRef = CB000013000000000000000 /* ModelRow.swift */; };
		CB000014000000000000001 /* StatCard.swift in Sources */ = {isa = PBXBuildFile; fileRef = CB000014000000000000000 /* StatCard.swift */; };
		CB000015000000000000001 /* SectionHeader.swift in Sources */ = {isa = PBXBuildFile; fileRef = CB000015000000000000000 /* SectionHeader.swift */; };
		CB000016000000000000001 /* AppearanceOption.swift in Sources */ = {isa = PBXBuildFile; fileRef = CB000016000000000000000 /* AppearanceOption.swift */; };
		CB000017000000000000001 /* SystemStatsMonitor.swift in Sources */ = {isa = PBXBuildFile; fileRef = CB000017000000000000000 /* SystemStatsMonitor.swift */; };
		CB000018000000000000001 /* BackendManager.swift in Sources */ = {isa = PBXBuildFile; fileRef = CB000018000000000000000 /* BackendManager.swift */; };
		CB000019000000000000001 /* devcompanion in Resources */ = {isa = PBXBuildFile; fileRef = CB000019000000000000000 /* devcompanion */; };
		CB000020000000000000001 /* OllamaManager.swift in Sources */ = {isa = PBXBuildFile; fileRef = CB000020000000000000000 /* OllamaManager.swift */; };
		CB000021000000000000001 /* OllamaModelManager.swift in Sources */ = {isa = PBXBuildFile; fileRef = CB000021000000000000000 /* OllamaModelManager.swift */; };
		CB000022000000000000001 /* LiveModelRow.swift in Sources */ = {isa = PBXBuildFile; fileRef = CB000022000000000000000 /* LiveModelRow.swift */; };
		CB000023000000000000001 /* PullProgressBanner.swift in Sources */ = {isa = PBXBuildFile; fileRef = CB000023000000000000000 /* PullProgressBanner.swift */; };
		CB000024000000000000001 /* ModelStoreSheet.swift in Sources */ = {isa = PBXBuildFile; fileRef = CB000024000000000000000 /* ModelStoreSheet.swift */; };
		CB000025000000000000001 /* DocsSheet.swift in Sources */ = {isa = PBXBuildFile; fileRef = CB000025000000000000000 /* DocsSheet.swift */; };
/* End PBXBuildFile section */

/* Begin PBXFileReference section */
		0DA944062F7D0A8700697F6D /* code buddy.app */ = {isa = PBXFileReference; explicitFileType = wrapper.application; includeInIndex = 0; path = "code buddy.app"; sourceTree = BUILT_PRODUCTS_DIR; };
		0DA944092F7D0A8700697F6D /* code_buddyApp.swift */ = {isa = PBXFileReference; lastKnownFileType = sourcecode.swift; path = code_buddyApp.swift; sourceTree = "<group>"; };
		0DA9440B2F7D0A8700697F6D /* ContentView.swift */ = {isa = PBXFileReference; lastKnownFileType = sourcecode.swift; path = ContentView.swift; sourceTree = "<group>"; };
		0DA9440D2F7D0A8B00697F6D /* Assets.xcassets */ = {isa = PBXFileReference; lastKnownFileType = folder.assetcatalog; path = Assets.xcassets; sourceTree = "<group>"; };
		0DA944102F7D0A8B00697F6D /* Preview Assets.xcassets */ = {isa = PBXFileReference; lastKnownFileType = folder.assetcatalog; path = "Preview Assets.xcassets"; sourceTree = "<group>"; };
		0DA944122F7D0A8B00697F6D /* code_buddy.entitlements */ = {isa = PBXFileReference; lastKnownFileType = text.plist.entitlements; path = code_buddy.entitlements; sourceTree = "<group>"; };
		CB000001000000000000000 /* Theme.swift */ = {isa = PBXFileReference; lastKnownFileType = sourcecode.swift; path = Theme.swift; sourceTree = "<group>"; };
		CB000002000000000000000 /* LocalModel.swift */ = {isa = PBXFileReference; lastKnownFileType = sourcecode.swift; path = LocalModel.swift; sourceTree = "<group>"; };
		CB000003000000000000000 /* ChatMessage.swift */ = {isa = PBXFileReference; lastKnownFileType = sourcecode.swift; path = ChatMessage.swift; sourceTree = "<group>"; };
		CB000004000000000000000 /* SidebarView.swift */ = {isa = PBXFileReference; lastKnownFileType = sourcecode.swift; path = SidebarView.swift; sourceTree = "<group>"; };
		CB000005000000000000000 /* SetupView.swift */ = {isa = PBXFileReference; lastKnownFileType = sourcecode.swift; path = SetupView.swift; sourceTree = "<group>"; };
		CB000006000000000000000 /* ModelsView.swift */ = {isa = PBXFileReference; lastKnownFileType = sourcecode.swift; path = ModelsView.swift; sourceTree = "<group>"; };
		CB000007000000000000000 /* SettingsView.swift */ = {isa = PBXFileReference; lastKnownFileType = sourcecode.swift; path = SettingsView.swift; sourceTree = "<group>"; };
		CB000008000000000000000 /* ChatBubble.swift */ = {isa = PBXFileReference; lastKnownFileType = sourcecode.swift; path = ChatBubble.swift; sourceTree = "<group>"; };
		CB000009000000000000000 /* ChatInputBar.swift */ = {isa = PBXFileReference; lastKnownFileType = sourcecode.swift; path = ChatInputBar.swift; sourceTree = "<group>"; };
		CB000010000000000000000 /* FolderPickerBar.swift */ = {isa = PBXFileReference; lastKnownFileType = sourcecode.swift; path = FolderPickerBar.swift; sourceTree = "<group>"; };
		CB000011000000000000000 /* ActiveModelCard.swift */ = {isa = PBXFileReference; lastKnownFileType = sourcecode.swift; path = ActiveModelCard.swift; sourceTree = "<group>"; };
		CB000012000000000000000 /* ServiceStatusPanel.swift */ = {isa = PBXFileReference; lastKnownFileType = sourcecode.swift; path = ServiceStatusPanel.swift; sourceTree = "<group>"; };
		CB000013000000000000000 /* ModelRow.swift */ = {isa = PBXFileReference; lastKnownFileType = sourcecode.swift; path = ModelRow.swift; sourceTree = "<group>"; };
		CB000014000000000000000 /* StatCard.swift */ = {isa = PBXFileReference; lastKnownFileType = sourcecode.swift; path = StatCard.swift; sourceTree = "<group>"; };
		CB000015000000000000000 /* SectionHeader.swift */ = {isa = PBXFileReference; lastKnownFileType = sourcecode.swift; path = SectionHeader.swift; sourceTree = "<group>"; };
		CB000016000000000000000 /* AppearanceOption.swift */ = {isa = PBXFileReference; lastKnownFileType = sourcecode.swift; path = AppearanceOption.swift; sourceTree = "<group>"; };
		CB000017000000000000000 /* SystemStatsMonitor.swift */ = {isa = PBXFileReference; lastKnownFileType = sourcecode.swift; path = SystemStatsMonitor.swift; sourceTree = "<group>"; };
		CB000018000000000000000 /* BackendManager.swift */ = {isa = PBXFileReference; lastKnownFileType = sourcecode.swift; path = BackendManager.swift; sourceTree = "<group>"; };
		CB000019000000000000000 /* devcompanion */ = {isa = PBXFileReference; lastKnownFileType = "compiled.mach-o.executable"; path = devcompanion; sourceTree = "<group>"; };
		CB000020000000000000000 /* OllamaManager.swift */ = {isa = PBXFileReference; lastKnownFileType = sourcecode.swift; path = OllamaManager.swift; sourceTree = "<group>"; };
		CB000021000000000000000 /* OllamaModelManager.swift */ = {isa = PBXFileReference; lastKnownFileType = sourcecode.swift; path = OllamaModelManager.swift; sourceTree = "<group>"; };
		CB000022000000000000000 /* LiveModelRow.swift */ = {isa = PBXFileReference; lastKnownFileType = sourcecode.swift; path = LiveModelRow.swift; sourceTree = "<group>"; };
		CB000023000000000000000 /* PullProgressBanner.swift */ = {isa = PBXFileReference; lastKnownFileType = sourcecode.swift; path = PullProgressBanner.swift; sourceTree = "<group>"; };
		CB000024000000000000000 /* ModelStoreSheet.swift */ = {isa = PBXFileReference; lastKnownFileType = sourcecode.swift; path = ModelStoreSheet.swift; sourceTree = "<group>"; };
		CB000025000000000000000 /* DocsSheet.swift */ = {isa = PBXFileReference; lastKnownFileType = sourcecode.swift; path = DocsSheet.swift; sourceTree = "<group>"; };
/* End PBXFileReference section */

/* Begin PBXFrameworksBuildPhase section */
		0DA944032F7D0A8700697F6D /* Frameworks */ = {
			isa = PBXFrameworksBuildPhase;
			buildActionMask = 2147483647;
			files = (
			);
			runOnlyForDeploymentPostprocessing = 0;
		};
/* End PBXFrameworksBuildPhase section */

/* Begin PBXGroup section */
		0DA943FD2F7D0A8700697F6D = {
			isa = PBXGroup;
			children = (
				0DA944082F7D0A8700697F6D /* code buddy */,
				0DA944072F7D0A8700697F6D /* Products */,
			);
			sourceTree = "<group>";
		};
		0DA944072F7D0A8700697F6D /* Products */ = {
			isa = PBXGroup;
			children = (
				0DA944062F7D0A8700697F6D /* code buddy.app */,
			);
			name = Products;
			sourceTree = "<group>";
		};
		0DA944082F7D0A8700697F6D /* code buddy */ = {
			isa = PBXGroup;
			children = (
				0DA944092F7D0A8700697F6D /* code_buddyApp.swift */,
				0DA9440B2F7D0A8700697F6D /* ContentView.swift */,
				CB000001000000000000000 /* Theme.swift */,
				CB_MODELS_GROUP /* Models */,
				CB_SIDEBAR_GROUP /* Sidebar */,
				CB_VIEWS_GROUP /* Views */,
				0DA9440D2F7D0A8B00697F6D /* Assets.xcassets */,
				0DA944122F7D0A8B00697F6D /* code_buddy.entitlements */,
				0DA9440F2F7D0A8B00697F6D /* Preview Content */,
			);
			path = "code buddy";
			sourceTree = "<group>";
		};
		0DA9440F2F7D0A8B00697F6D /* Preview Content */ = {
			isa = PBXGroup;
			children = (
				0DA944102F7D0A8B00697F6D /* Preview Assets.xcassets */,
			);
			path = "Preview Content";
			sourceTree = "<group>";
		};
		CB_COMPONENTS_GROUP /* Components */ = {
			isa = PBXGroup;
			children = (
				CB000008000000000000000 /* ChatBubble.swift */,
				CB000009000000000000000 /* ChatInputBar.swift */,
				CB000010000000000000000 /* FolderPickerBar.swift */,
				CB000011000000000000000 /* ActiveModelCard.swift */,
				CB000012000000000000000 /* ServiceStatusPanel.swift */,
				CB000013000000000000000 /* ModelRow.swift */,
				CB000014000000000000000 /* StatCard.swift */,
				CB000015000000000000000 /* SectionHeader.swift */,
				CB000016000000000000000 /* AppearanceOption.swift */,
				CB000022000000000000000 /* LiveModelRow.swift */,
				CB000023000000000000000 /* PullProgressBanner.swift */,
			);
			path = Components;
			sourceTree = "<group>";
		};
		CB_MODELS_GROUP /* Models */ = {
			isa = PBXGroup;
			children = (
				CB000002000000000000000 /* LocalModel.swift */,
				CB000003000000000000000 /* ChatMessage.swift */,
				CB000017000000000000000 /* SystemStatsMonitor.swift */,
				CB000018000000000000000 /* BackendManager.swift */,
				CB000020000000000000000 /* OllamaManager.swift */,
				CB000021000000000000000 /* OllamaModelManager.swift */,
				CB000019000000000000000 /* devcompanion */,
			);
			path = Models;
			sourceTree = "<group>";
		};
		CB_SIDEBAR_GROUP /* Sidebar */ = {
			isa = PBXGroup;
			children = (
				CB000004000000000000000 /* SidebarView.swift */,
			);
			path = Sidebar;
			sourceTree = "<group>";
		};
		CB_VIEWS_GROUP /* Views */ = {
			isa = PBXGroup;
			children = (
				CB000005000000000000000 /* SetupView.swift */,
				CB000006000000000000000 /* ModelsView.swift */,
				CB000007000000000000000 /* SettingsView.swift */,
				CB000024000000000000000 /* ModelStoreSheet.swift */,
				CB000025000000000000000 /* DocsSheet.swift */,
				CB_COMPONENTS_GROUP /* Components */,
			);
			path = Views;
			sourceTree = "<group>";
		};
/* End PBXGroup section */

/* Begin PBXNativeTarget section */
		0DA944052F7D0A8700697F6D /* code buddy */ = {
			isa = PBXNativeTarget;
			buildConfigurationList = 0DA944152F7D0A8B00697F6D /* Build configuration list for PBXNativeTarget "code buddy" */;
			buildPhases = (
				0DA944022F7D0A8700697F6D /* Sources */,
				0DA944032F7D0A8700697F6D /* Frameworks */,
				0DA944042F7D0A8700697F6D /* Resources */,
			);
			buildRules = (
			);
			dependencies = (
			);
			name = "code buddy";
			productName = "code buddy";
			productReference = 0DA944062F7D0A8700697F6D /* code buddy.app */;
			productType = "com.apple.product-type.application";
		};
/* End PBXNativeTarget section */

/* Begin PBXProject section */
		0DA943FE2F7D0A8700697F6D /* Project object */ = {
			isa = PBXProject;
			attributes = {
				BuildIndependentTargetsInParallel = 1;
				LastSwiftUpdateCheck = 1420;
				LastUpgradeCheck = 1420;
				TargetAttributes = {
					0DA944052F7D0A8700697F6D = {
						CreatedOnToolsVersion = 14.2;
					};
				};
			};
			buildConfigurationList = 0DA944012F7D0A8700697F6D /* Build configuration list for PBXProject "code buddy" */;
			compatibilityVersion = "Xcode 14.0";
			developmentRegion = en;
			hasScannedForEncodings = 0;
			knownRegions = (
				en,
				Base,
			);
			mainGroup = 0DA943FD2F7D0A8700697F6D;
			productRefGroup = 0DA944072F7D0A8700697F6D /* Products */;
			projectDirPath = "";
			projectRoot = "";
			targets = (
				0DA944052F7D0A8700697F6D /* code buddy */,
			);
		};
/* End PBXProject section */

/* Begin PBXResourcesBuildPhase section */
		0DA944042F7D0A8700697F6D /* Resources */ = {
			isa = PBXResourcesBuildPhase;
			buildActionMask = 2147483647;
			files = (
				0DA944112F7D0A8B00697F6D /* Preview Assets.xcassets in Resources */,
				0DA9440E2F7D0A8B00697F6D /* Assets.xcassets in Resources */,
				CB000019000000000000001 /* devcompanion in Resources */,
			);
			runOnlyForDeploymentPostprocessing = 0;
		};
/* End PBXResourcesBuildPhase section */

/* Begin PBXSourcesBuildPhase section */
		0DA944022F7D0A8700697F6D /* Sources */ = {
			isa = PBXSourcesBuildPhase;
			buildActionMask = 2147483647;
			files = (
				0DA9440C2F7D0A8700697F6D /* ContentView.swift in Sources */,
				0DA9440A2F7D0A8700697F6D /* code_buddyApp.swift in Sources */,
				CB000001000000000000001 /* Theme.swift in Sources */,
				CB000002000000000000001 /* LocalModel.swift in Sources */,
				CB000003000000000000001 /* ChatMessage.swift in Sources */,
				CB000004000000000000001 /* SidebarView.swift in Sources */,
				CB000005000000000000001 /* SetupView.swift in Sources */,
				CB000006000000000000001 /* ModelsView.swift in Sources */,
				CB000007000000000000001 /* SettingsView.swift in Sources */,
				CB000008000000000000001 /* ChatBubble.swift in Sources */,
				CB000009000000000000001 /* ChatInputBar.swift in Sources */,
				CB000010000000000000001 /* FolderPickerBar.swift in Sources */,
				CB000011000000000000001 /* ActiveModelCard.swift in Sources */,
				CB000012000000000000001 /* ServiceStatusPanel.swift in Sources */,
				CB000013000000000000001 /* ModelRow.swift in Sources */,
				CB000014000000000000001 /* StatCard.swift in Sources */,
				CB000015000000000000001 /* SectionHeader.swift in Sources */,
				CB000016000000000000001 /* AppearanceOption.swift in Sources */,
				CB000017000000000000001 /* SystemStatsMonitor.swift in Sources */,
				CB000018000000000000001 /* BackendManager.swift in Sources */,
				CB000020000000000000001 /* OllamaManager.swift in Sources */,
				CB000021000000000000001 /* OllamaModelManager.swift in Sources */,
				CB000022000000000000001 /* LiveModelRow.swift in Sources */,
				CB000023000000000000001 /* PullProgressBanner.swift in Sources */,
				CB000024000000000000001 /* ModelStoreSheet.swift in Sources */,
				CB000025000000000000001 /* DocsSheet.swift in Sources */,
			);
			runOnlyForDeploymentPostprocessing = 0;
		};
/* End PBXSourcesBuildPhase section */

/* Begin XCBuildConfiguration section */
		0DA944132F7D0A8B00697F6D /* Debug */ = {
			isa = XCBuildConfiguration;
			buildSettings = {
				ALWAYS_SEARCH_USER_PATHS = NO;
				CLANG_ANALYZER_NONNULL = YES;
				CLANG_ANALYZER_NUMBER_OBJECT_CONVERSION = YES_AGGRESSIVE;
				CLANG_CXX_LANGUAGE_STANDARD = "gnu++20";
				CLANG_ENABLE_MODULES = YES;
				CLANG_ENABLE_OBJC_ARC = YES;
				CLANG_ENABLE_OBJC_WEAK = YES;
				CLANG_WARN_BLOCK_CAPTURE_AUTORELEASING = YES;
				CLANG_WARN_BOOL_CONVERSION = YES;
				CLANG_WARN_COMMA = YES;
				CLANG_WARN_CONSTANT_CONVERSION = YES;
				CLANG_WARN_DEPRECATED_OBJC_IMPLEMENTATIONS = YES;
				CLANG_WARN_DIRECT_OBJC_ISA_USAGE = YES_ERROR;
				CLANG_WARN_DOCUMENTATION_COMMENTS = YES;
				CLANG_WARN_EMPTY_BODY = YES;
				CLANG_WARN_ENUM_CONVERSION = YES;
				CLANG_WARN_INFINITE_RECURSION = YES;
				CLANG_WARN_INT_CONVERSION = YES;
				CLANG_WARN_NON_LITERAL_NULL_CONVERSION = YES;
				CLANG_WARN_OBJC_IMPLICIT_RETAIN_SELF = YES;
				CLANG_WARN_OBJC_LITERAL_CONVERSION = YES;
				CLANG_WARN_OBJC_ROOT_CLASS = YES_ERROR;
				CLANG_WARN_QUOTED_INCLUDE_IN_FRAMEWORK_HEADER = YES;
				CLANG_WARN_RANGE_LOOP_ANALYSIS = YES;
				CLANG_WARN_STRICT_PROTOTYPES = YES;
				CLANG_WARN_SUSPICIOUS_MOVE = YES;
				CLANG_WARN_UNGUARDED_AVAILABILITY = YES_AGGRESSIVE;
				CLANG_WARN_UNREACHABLE_CODE = YES;
				CLANG_WARN__DUPLICATE_METHOD_MATCH = YES;
				COPY_PHASE_STRIP = NO;
				DEBUG_INFORMATION_FORMAT = dwarf;
				ENABLE_STRICT_OBJC_MSGSEND = YES;
				ENABLE_TESTABILITY = YES;
				GCC_C_LANGUAGE_STANDARD = gnu11;
				GCC_DYNAMIC_NO_PIC = NO;
				GCC_NO_COMMON_BLOCKS = YES;
				GCC_OPTIMIZATION_LEVEL = 0;
				GCC_PREPROCESSOR_DEFINITIONS = (
					"DEBUG=1",
					"$(inherited)",
				);
				GCC_WARN_64_TO_32_BIT_CONVERSION = YES;
				GCC_WARN_ABOUT_RETURN_TYPE = YES_ERROR;
				GCC_WARN_UNDECLARED_SELECTOR = YES;
				GCC_WARN_UNINITIALIZED_AUTOS = YES_AGGRESSIVE;
				GCC_WARN_UNUSED_FUNCTION = YES;
				GCC_WARN_UNUSED_VARIABLE = YES;
				MACOSX_DEPLOYMENT_TARGET = 12.7;
				MTL_ENABLE_DEBUG_INFO = INCLUDE_SOURCE;
				MTL_FAST_MATH = YES;
				ONLY_ACTIVE_ARCH = YES;
				SDKROOT = macosx;
				SWIFT_ACTIVE_COMPILATION_CONDITIONS = DEBUG;
				SWIFT_OPTIMIZATION_LEVEL = "-Onone";
			};
			name = Debug;
		};
		0DA944142F7D0A8B00697F6D /* Release */ = {
			isa = XCBuildConfiguration;
			buildSettings = {
				ALWAYS_SEARCH_USER_PATHS = NO;
				CLANG_ANALYZER_NONNULL = YES;
				CLANG_ANALYZER_NUMBER_OBJECT_CONVERSION = YES_AGGRESSIVE;
				CLANG_CXX_LANGUAGE_STANDARD = "gnu++20";
				CLANG_ENABLE_MODULES = YES;
				CLANG_ENABLE_OBJC_ARC = YES;
				CLANG_ENABLE_OBJC_WEAK = YES;
				CLANG_WARN_BLOCK_CAPTURE_AUTORELEASING = YES;
				CLANG_WARN_BOOL_CONVERSION = YES;
				CLANG_WARN_COMMA = YES;
				CLANG_WARN_CONSTANT_CONVERSION = YES;
				CLANG_WARN_DEPRECATED_OBJC_IMPLEMENTATIONS = YES;
				CLANG_WARN_DIRECT_OBJC_ISA_USAGE = YES_ERROR;
				CLANG_WARN_DOCUMENTATION_COMMENTS = YES;
				CLANG_WARN_EMPTY_BODY = YES;
				CLANG_WARN_ENUM_CONVERSION = YES;
				CLANG_WARN_INFINITE_RECURSION = YES;
				CLANG_WARN_INT_CONVERSION = YES;
				CLANG_WARN_NON_LITERAL_NULL_CONVERSION = YES;
				CLANG_WARN_OBJC_IMPLICIT_RETAIN_SELF = YES;
				CLANG_WARN_OBJC_LITERAL_CONVERSION = YES;
				CLANG_WARN_OBJC_ROOT_CLASS = YES_ERROR;
				CLANG_WARN_QUOTED_INCLUDE_IN_FRAMEWORK_HEADER = YES;
				CLANG_WARN_RANGE_LOOP_ANALYSIS = YES;
				CLANG_WARN_STRICT_PROTOTYPES = YES;
				CLANG_WARN_SUSPICIOUS_MOVE = YES;
				CLANG_WARN_UNGUARDED_AVAILABILITY = YES_AGGRESSIVE;
				CLANG_WARN_UNREACHABLE_CODE = YES;
				CLANG_WARN__DUPLICATE_METHOD_MATCH = YES;
				COPY_PHASE_STRIP = NO;
				DEBUG_INFORMATION_FORMAT = "dwarf-with-dsym";
				ENABLE_NS_ASSERTIONS = NO;
				ENABLE_STRICT_OBJC_MSGSEND = YES;
				GCC_C_LANGUAGE_STANDARD = gnu11;
				GCC_NO_COMMON_BLOCKS = YES;
				GCC_WARN_64_TO_32_BIT_CONVERSION = YES;
				GCC_WARN_ABOUT_RETURN_TYPE = YES_ERROR;
				GCC_WARN_UNDECLARED_SELECTOR = YES;
				GCC_WARN_UNINITIALIZED_AUTOS = YES_AGGRESSIVE;
				GCC_WARN_UNUSED_FUNCTION = YES;
				GCC_WARN_UNUSED_VARIABLE = YES;
				MACOSX_DEPLOYMENT_TARGET = 12.7;
				MTL_ENABLE_DEBUG_INFO = NO;
				MTL_FAST_MATH = YES;
				SDKROOT = macosx;
				SWIFT_COMPILATION_MODE = wholemodule;
				SWIFT_OPTIMIZATION_LEVEL = "-O";
			};
			name = Release;
		};
		0DA944162F7D0A8B00697F6D /* Debug */ = {
			isa = XCBuildConfiguration;
			buildSettings = {
				ASSETCATALOG_COMPILER_APPICON_NAME = AppIcon;
				ASSETCATALOG_COMPILER_GLOBAL_ACCENT_COLOR_NAME = AccentColor;
				CODE_SIGN_ENTITLEMENTS = "code buddy/code_buddy.entitlements";
				CODE_SIGN_STYLE = Automatic;
				COMBINE_HIDPI_IMAGES = YES;
				CURRENT_PROJECT_VERSION = 1;
				DEVELOPMENT_ASSET_PATHS = "\"code buddy/Preview Content\"";
				ENABLE_PREVIEWS = YES;
				GENERATE_INFOPLIST_FILE = YES;
				INFOPLIST_KEY_NSHumanReadableCopyright = "";
				LD_RUNPATH_SEARCH_PATHS = (
					"$(inherited)",
					"@executable_path/../Frameworks",
				);
				MARKETING_VERSION = 1.0;
				PRODUCT_BUNDLE_IDENTIFIER = "com.swiftbasicOrganization.code-buddy";
				PRODUCT_NAME = "$(TARGET_NAME)";
				SWIFT_EMIT_LOC_STRINGS = YES;
				SWIFT_VERSION = 5.0;
			};
			name = Debug;
		};
		0DA944172F7D0A8B00697F6D /* Release */ = {
			isa = XCBuildConfiguration;
			buildSettings = {
				ASSETCATALOG_COMPILER_APPICON_NAME = AppIcon;
				ASSETCATALOG_COMPILER_GLOBAL_ACCENT_COLOR_NAME = AccentColor;
				CODE_SIGN_ENTITLEMENTS = "code buddy/code_buddy.entitlements";
				CODE_SIGN_STYLE = Automatic;
				COMBINE_HIDPI_IMAGES = YES;
				CURRENT_PROJECT_VERSION = 1;
				DEVELOPMENT_ASSET_PATHS = "\"code buddy/Preview Content\"";
				ENABLE_PREVIEWS = YES;
				GENERATE_INFOPLIST_FILE = YES;
				INFOPLIST_KEY_NSHumanReadableCopyright = "";
				LD_RUNPATH_SEARCH_PATHS = (
					"$(inherited)",
					"@executable_path/../Frameworks",
				);
				MARKETING_VERSION = 1.0;
				PRODUCT_BUNDLE_IDENTIFIER = "com.swiftbasicOrganization.code-buddy";
				PRODUCT_NAME = "$(TARGET_NAME)";
				SWIFT_EMIT_LOC_STRINGS = YES;
				SWIFT_VERSION = 5.0;
			};
			name = Release;
		};
/* End XCBuildConfiguration section */

/* Begin XCConfigurationList section */
		0DA944012F7D0A8700697F6D /* Build configuration list for PBXProject "code buddy" */ = {
			isa = XCConfigurationList;
			buildConfigurations = (
				0DA944132F7D0A8B00697F6D /* Debug */,
				0DA944142F7D0A8B00697F6D /* Release */,
			);
			defaultConfigurationIsVisible = 0;
			defaultConfigurationName = Release;
		};
		0DA944152F7D0A8B00697F6D /* Build configuration list for PBXNativeTarget "code buddy" */ = {
			isa = XCConfigurationList;
			buildConfigurations = (
				0DA944162F7D0A8B00697F6D /* Debug */,
				0DA944172F7D0A8B00697F6D /* Release */,
			);
			defaultConfigurationIsVisible = 0;
			defaultConfigurationName = Release;
		};
/* End XCConfigurationList section */
	};
	rootObject = 0DA943FE2F7D0A8700697F6D /* Project object */;
}
